{
  "nodes": {
    "darwin": {
      "inputs": {
        "nixpkgs": [
          "nixpkgs"
        ]
      },
      "locked": {
        "lastModified": 1689516967,
        "narHash": "sha256-sFAa33wkQHanmij/uhfGduIDK8z4dJAita/rK6u9pvE=",
        "owner": "lnl7",
        "repo": "nix-darwin",
        "rev": "61662a63bfe1726588c1da6b412df86d8ca94d63",
        "type": "github"
      },
      "original": {
        "owner": "lnl7",
        "ref": "master",
        "repo": "nix-darwin",
        "type": "github"
      }
    },
    "home-manager": {
      "inputs": {
        "nixpkgs": [
          "nixpkgs"
        ]
      },
      "locked": {
        "lastModified": 1687871164,
        "narHash": "sha256-bBFlPthuYX322xOlpJvkjUBz0C+MOBjZdDOOJJ+G2jU=",
        "owner": "nix-community",
        "repo": "home-manager",
        "rev": "07c347bb50994691d7b0095f45ebd8838cf6bc38",
        "type": "github"
      },
      "original": {
        "owner": "nix-community",
        "ref": "release-23.05",
        "repo": "home-manager",
        "type": "github"
      }
    },
    "nixpkgs": {
      "locked": {
        "lastModified": 1689605451,
        "narHash": "sha256-u2qp2k9V1smCfk6rdUcgMKvBj3G9jVvaPHyeXinjN9E=",
        "owner": "NixOS",
        "repo": "nixpkgs",
        "rev": "53657afe29748b3e462f1f892287b7e254c26d77",
        "type": "github"
      },
      "original": {
        "owner": "NixOS",
        "ref": "nixos-23.05",
        "repo": "nixpkgs",
        "type": "github"
      }
    },
    "nur": {
      "locked": {
        "lastModified": 1689680735,
        "narHash": "sha256-GzEkrr9+YawlzL+yJbcKYU4tNdGtu6mmeKTXkG/Dmvw=",
        "owner": "nix-community",
        "repo": "NUR",
        "rev": "bfae11dfbc37237f5e656e5b20fe70f1debc2e2b",
        "type": "github"
      },
      "original": {
        "owner": "nix-community",
        "repo": "NUR",
        "type": "github"
      }
    },
    "root": {
      "inputs": {
        "darwin": "darwin",
        "home-manager": "home-manager",
        "nixpkgs": "nixpkgs",
        "nur": "nur"
      }
    }
  },
  "root": "root",
  "version": 7
}
